GEM
  remote: https://rubygems.org/
  specs:
    tty-cursor (0.7.1)
    tty-spinner (0.9.3)
      tty-cursor (~> 0.7)

PLATFORMS
  x64-mingw-ucrt

DEPENDENCIES
  tty-cursor
  tty-spinner

CHECKSUMS
  tty-cursor (0.7.1) sha256=79534185e6a777888d88628b14b6a1fdf5154a603f285f80b1753e1908e0bf48
  tty-spinner (0.9.3) sha256=0e036f047b4ffb61f2aa45f5a770ec00b4d04130531558a94bfc5b192b570542

BUNDLED WITH
  4.0.10
